// !$*UTF8*$!
{
	archiveVersion = 1;
	classes = {
	};
	objectVersion = 56;
	objects = {

/* Begin PBXBuildFile section */
		07373E9B2A2773810051AA9B /* OnBoardingView.swift in Sources */ = {isa = PBXBuildFile; fileRef = 07373E9A2A2773810051AA9B /* OnBoardingView.swift */; };
		07373EA62A2794350051AA9B /* Statistique.swift in Sources */ = {isa = PBXBuildFile; fileRef = 07373EA52A2794350051AA9B /* Statistique.swift */; };
		07373EA82A279EB10051AA9B /* HydratationService.swift in Sources */ = {isa = PBXBuildFile; fileRef = 07373EA72A279EB10051AA9B /* HydratationService.swift */; };
		07373EAA2A27A31A0051AA9B /* UserViewModel.swift in Sources */ = {isa = PBXBuildFile; fileRef = 07373EA92A27A31A0051AA9B /* UserViewModel.swift */; };
		074E3D5D2A151F6700693077 /* FavoritesView.swift in Sources */ = {isa = PBXBuildFile; fileRef = 074E3D5C2A151F6700693077 /* FavoritesView.swift */; };
		074E3D5F2A15207800693077 /* CardView.swift in Sources */ = {isa = PBXBuildFile; fileRef = 074E3D5E2A15207800693077 /* CardView.swift */; };
		075F2EE82A14FE01005D7859 /* HydratationApp.swift in Sources */ = {isa = PBXBuildFile; fileRef = 075F2EE72A14FE01005D7859 /* HydratationApp.swift */; };
		075F2EEA2A14FE01005D7859 /* MainView.swift in Sources */ = {isa = PBXBuildFile; fileRef = 075F2EE92A14FE01005D7859 /* MainView.swift */; };
		075F2EEC2A14FE02005D7859 /* Assets.xcassets in Resources */ = {isa = PBXBuildFile; fileRef = 075F2EEB2A14FE02005D7859 /* Assets.xcassets */; };
		075F2EEF2A14FE02005D7859 /* Preview Assets.xcassets in Resources */ = {isa = PBXBuildFile; fileRef = 075F2EEE2A14FE02005D7859 /* Preview Assets.xcassets */; };
		075F2EF82A1502FB005D7859 /* HomeView.swift in Sources */ = {isa = PBXBuildFile; fileRef = 075F2EF72A1502FB005D7859 /* HomeView.swift */; };
		075F2EFA2A15034B005D7859 /* ProfileView.swift in Sources */ = {isa = PBXBuildFile; fileRef = 075F2EF92A15034B005D7859 /* ProfileView.swift */; };
		075F2EFC2A1515C8005D7859 /* User.swift in Sources */ = {isa = PBXBuildFile; fileRef = 075F2EFB2A1515C8005D7859 /* User.swift */; };
		0760FFCE2A263AFD00450D06 /* Quantity.swift in Sources */ = {isa = PBXBuildFile; fileRef = 0760FFCD2A263AFD00450D06 /* Quantity.swift */; };
		0760FFD02A263BC400450D06 /* QuantityViewModel.swift in Sources */ = {isa = PBXBuildFile; fileRef = 0760FFCF2A263BC400450D06 /* QuantityViewModel.swift */; };
		0760FFD22A263E1E00450D06 /* AddQuantityView.swift in Sources */ = {isa = PBXBuildFile; fileRef = 0760FFD12A263E1E00450D06 /* AddQuantityView.swift */; };
		0760FFD42A26480300450D06 /* DailyQuantity.swift in Sources */ = {isa = PBXBuildFile; fileRef = 0760FFD32A26480300450D06 /* DailyQuantity.swift */; };
		0760FFD62A26489400450D06 /* DailyQuantityViewModel.swift in Sources */ = {isa = PBXBuildFile; fileRef = 0760FFD52A26489400450D06 /* DailyQuantityViewModel.swift */; };
/* End PBXBuildFile section */

/* Begin PBXFileReference section */
		07373E9A2A2773810051AA9B /* OnBoardingView.swift */ = {isa = PBXFileReference; lastKnownFileType = sourcecode.swift; path = OnBoardingView.swift; sourceTree = "<group>"; };
		07373EA52A2794350051AA9B /* Statistique.swift */ = {isa = PBXFileReference; lastKnownFileType = sourcecode.swift; path = Statistique.swift; sourceTree = "<group>"; };
		07373EA72A279EB10051AA9B /* HydratationService.swift */ = {isa = PBXFileReference; lastKnownFileType = sourcecode.swift; path = HydratationService.swift; sourceTree = "<group>"; };
		07373EA92A27A31A0051AA9B /* UserViewModel.swift */ = {isa = PBXFileReference; lastKnownFileType = sourcecode.swift; path = UserViewModel.swift; sourceTree = "<group>"; };
		074E3D5C2A151F6700693077 /* FavoritesView.swift */ = {isa = PBXFileReference; lastKnownFileType = sourcecode.swift; path = FavoritesView.swift; sourceTree = "<group>"; };
		074E3D5E2A15207800693077 /* CardView.swift */ = {isa = PBXFileReference; lastKnownFileType = sourcecode.swift; path = CardView.swift; sourceTree = "<group>"; };
		075F2EE42A14FE01005D7859 /* Hydratation.app */ = {isa = PBXFileReference; explicitFileType = wrapper.application; includeInIndex = 0; path = Hydratation.app; sourceTree = BUILT_PRODUCTS_DIR; };
		075F2EE72A14FE01005D7859 /* HydratationApp.swift */ = {isa = PBXFileReference; lastKnownFileType = sourcecode.swift; path = HydratationApp.swift; sourceTree = "<group>"; };
		075F2EE92A14FE01005D7859 /* MainView.swift */ = {isa = PBXFileReference; lastKnownFileType = sourcecode.swift; path = MainView.swift; sourceTree = "<group>"; };
		075F2EEB2A14FE02005D7859 /* Assets.xcassets */ = {isa = PBXFileReference; lastKnownFileType = folder.assetcatalog; path = Assets.xcassets; sourceTree = "<group>"; };
		075F2EEE2A14FE02005D7859 /* Preview Assets.xcassets */ = {isa = PBXFileReference; lastKnownFileType = folder.assetcatalog; path = "Preview Assets.xcassets"; sourceTree = "<group>"; };
		075F2EF72A1502FB005D7859 /* HomeView.swift */ = {isa = PBXFileReference; lastKnownFileType = sourcecode.swift; path = HomeView.swift; sourceTree = "<group>"; };
		075F2EF92A15034B005D7859 /* ProfileView.swift */ = {isa = PBXFileReference; lastKnownFileType = sourcecode.swift; path = ProfileView.swift; sourceTree = "<group>"; };
		075F2EFB2A1515C8005D7859 /* User.swift */ = {isa = PBXFileReference; lastKnownFileType = sourcecode.swift; path = User.swift; sourceTree = "<group>"; };
		0760FFCD2A263AFD00450D06 /* Quantity.swift */ = {isa = PBXFileReference; lastKnownFileType = sourcecode.swift; path = Quantity.swift; sourceTree = "<group>"; };
		0760FFCF2A263BC400450D06 /* QuantityViewModel.swift */ = {isa = PBXFileReference; lastKnownFileType = sourcecode.swift; path = QuantityViewModel.swift; sourceTree = "<group>"; };
		0760FFD12A263E1E00450D06 /* AddQuantityView.swift */ = {isa = PBXFileReference; lastKnownFileType = sourcecode.swift; path = AddQuantityView.swift; sourceTree = "<group>"; };
		0760FFD32A26480300450D06 /* DailyQuantity.swift */ = {isa = PBXFileReference; lastKnownFileType = sourcecode.swift; path = DailyQuantity.swift; sourceTree = "<group>"; };
		0760FFD52A26489400450D06 /* DailyQuantityViewModel.swift */ = {isa = PBXFileReference; lastKnownFileType = sourcecode.swift; path = DailyQuantityViewModel.swift; sourceTree = "<group>"; };
/* End PBXFileReference section */

/* Begin PBXFrameworksBuildPhase section */
		075F2EE12A14FE01005D7859 /* Frameworks */ = {
			isa = PBXFrameworksBuildPhase;
			buildActionMask = 2147483647;
			files = (
			);
			runOnlyForDeploymentPostprocessing = 0;
		};
/* End PBXFrameworksBuildPhase section */

/* Begin PBXGroup section */
		075F2EDB2A14FE01005D7859 = {
			isa = PBXGroup;
			children = (
				075F2EE62A14FE01005D7859 /* Hydratation */,
				075F2EE52A14FE01005D7859 /* Products */,
			);
			sourceTree = "<group>";
		};
		075F2EE52A14FE01005D7859 /* Products */ = {
			isa = PBXGroup;
			children = (
				075F2EE42A14FE01005D7859 /* Hydratation.app */,
			);
			name = Products;
			sourceTree = "<group>";
		};
		075F2EE62A14FE01005D7859 /* Hydratation */ = {
			isa = PBXGroup;
			children = (
				075F2EF62A1502CB005D7859 /* Models */,
				075F2EF52A1502B8005D7859 /* Views */,
				075F2EE72A14FE01005D7859 /* HydratationApp.swift */,
				075F2EEB2A14FE02005D7859 /* Assets.xcassets */,
				075F2EED2A14FE02005D7859 /* Preview Content */,
			);
			path = Hydratation;
			sourceTree = "<group>";
		};
		075F2EED2A14FE02005D7859 /* Preview Content */ = {
			isa = PBXGroup;
			children = (
				075F2EEE2A14FE02005D7859 /* Preview Assets.xcassets */,
			);
			path = "Preview Content";
			sourceTree = "<group>";
		};
		075F2EF52A1502B8005D7859 /* Views */ = {
			isa = PBXGroup;
			children = (
				07373EA52A2794350051AA9B /* Statistique.swift */,
				075F2EE92A14FE01005D7859 /* MainView.swift */,
				075F2EF72A1502FB005D7859 /* HomeView.swift */,
				075F2EF92A15034B005D7859 /* ProfileView.swift */,
				074E3D5C2A151F6700693077 /* FavoritesView.swift */,
				074E3D5E2A15207800693077 /* CardView.swift */,
				0760FFD12A263E1E00450D06 /* AddQuantityView.swift */,
				07373E9A2A2773810051AA9B /* OnBoardingView.swift */,
			);
			path = Views;
			sourceTree = "<group>";
		};
		075F2EF62A1502CB005D7859 /* Models */ = {
			isa = PBXGroup;
			children = (
				075F2EFB2A1515C8005D7859 /* User.swift */,
				0760FFCD2A263AFD00450D06 /* Quantity.swift */,
				0760FFCF2A263BC400450D06 /* QuantityViewModel.swift */,
				0760FFD32A26480300450D06 /* DailyQuantity.swift */,
				0760FFD52A26489400450D06 /* DailyQuantityViewModel.swift */,
				07373EA72A279EB10051AA9B /* HydratationService.swift */,
				07373EA92A27A31A0051AA9B /* UserViewModel.swift */,
			);
			path = Models;
			sourceTree = "<group>";
		};
/* End PBXGroup section */

/* Begin PBXNativeTarget section */
		075F2EE32A14FE01005D7859 /* Hydratation */ = {
			isa = PBXNativeTarget;
			buildConfigurationList = 075F2EF22A14FE02005D7859 /* Build configuration list for PBXNativeTarget "Hydratation" */;
			buildPhases = (
				075F2EE02A14FE01005D7859 /* Sources */,
				075F2EE12A14FE01005D7859 /* Frameworks */,
				075F2EE22A14FE01005D7859 /* Resources */,
			);
			buildRules = (
			);
			dependencies = (
			);
			name = Hydratation;
			productName = Hydratation;
			productReference = 075F2EE42A14FE01005D7859 /* Hydratation.app */;
			productType = "com.apple.product-type.application";
		};
/* End PBXNativeTarget section */

/* Begin PBXProject section */
		075F2EDC2A14FE01005D7859 /* Project object */ = {
			isa = PBXProject;
			attributes = {
				BuildIndependentTargetsInParallel = 1;
				LastSwiftUpdateCheck = 1430;
				LastUpgradeCheck = 1430;
				TargetAttributes = {
					075F2EE32A14FE01005D7859 = {
						CreatedOnToolsVersion = 14.3;
					};
				};
			};
			buildConfigurationList = 075F2EDF2A14FE01005D7859 /* Build configuration list for PBXProject "Hydratation" */;
			compatibilityVersion = "Xcode 14.0";
			developmentRegion = en;
			hasScannedForEncodings = 0;
			knownRegions = (
				en,
				Base,
			);
			mainGroup = 075F2EDB2A14FE01005D7859;
			productRefGroup = 075F2EE52A14FE01005D7859 /* Products */;
			projectDirPath = "";
			projectRoot = "";
			targets = (
				075F2EE32A14FE01005D7859 /* Hydratation */,
			);
		};
/* End PBXProject section */

/* Begin PBXResourcesBuildPhase section */
		075F2EE22A14FE01005D7859 /* Resources */ = {
			isa = PBXResourcesBuildPhase;
			buildActionMask = 2147483647;
			files = (
				075F2EEF2A14FE02005D7859 /* Preview Assets.xcassets in Resources */,
				075F2EEC2A14FE02005D7859 /* Assets.xcassets in Resources */,
			);
			runOnlyForDeploymentPostprocessing = 0;
		};
/* End PBXResourcesBuildPhase section */

/* Begin PBXSourcesBuildPhase section */
		075F2EE02A14FE01005D7859 /* Sources */ = {
			isa = PBXSourcesBuildPhase;
			buildActionMask = 2147483647;
			files = (
				0760FFCE2A263AFD00450D06 /* Quantity.swift in Sources */,
				074E3D5F2A15207800693077 /* CardView.swift in Sources */,
				07373EA62A2794350051AA9B /* Statistique.swift in Sources */,
				075F2EFA2A15034B005D7859 /* ProfileView.swift in Sources */,
				075F2EF82A1502FB005D7859 /* HomeView.swift in Sources */,
				0760FFD42A26480300450D06 /* DailyQuantity.swift in Sources */,
				074E3D5D2A151F6700693077 /* FavoritesView.swift in Sources */,
				075F2EEA2A14FE01005D7859 /* MainView.swift in Sources */,
				075F2EFC2A1515C8005D7859 /* User.swift in Sources */,
				07373EAA2A27A31A0051AA9B /* UserViewModel.swift in Sources */,
				0760FFD02A263BC400450D06 /* QuantityViewModel.swift in Sources */,
				075F2EE82A14FE01005D7859 /* HydratationApp.swift in Sources */,
				0760FFD22A263E1E00450D06 /* AddQuantityView.swift in Sources */,
				0760FFD62A26489400450D06 /* DailyQuantityViewModel.swift in Sources */,
				07373E9B2A2773810051AA9B /* OnBoardingView.swift in Sources */,
				07373EA82A279EB10051AA9B /* HydratationService.swift in Sources */,
			);
			runOnlyForDeploymentPostprocessing = 0;
		};
/* End PBXSourcesBuildPhase section */

/* Begin XCBuildConfiguration section */
		075F2EF02A14FE02005D7859 /* Debug */ = {
			isa = XCBuildConfiguration;
			buildSettings = {
				ALWAYS_SEARCH_USER_PATHS = NO;
				CLANG_ANALYZER_NONNULL = YES;
				CLANG_ANALYZER_NUMBER_OBJECT_CONVERSION = YES_AGGRESSIVE;
				CLANG_CXX_LANGUAGE_STANDARD = "gnu++20";
				CLANG_ENABLE_MODULES = YES;
				CLANG_ENABLE_OBJC_ARC = YES;
				CLANG_ENABLE_OBJC_WEAK = YES;
				CLANG_WARN_BLOCK_CAPTURE_AUTORELEASING = YES;
				CLANG_WARN_BOOL_CONVERSION = YES;
				CLANG_WARN_COMMA = YES;
				CLANG_WARN_CONSTANT_CONVERSION = YES;
				CLANG_WARN_DEPRECATED_OBJC_IMPLEMENTATIONS = YES;
				CLANG_WARN_DIRECT_OBJC_ISA_USAGE = YES_ERROR;
				CLANG_WARN_DOCUMENTATION_COMMENTS = YES;
				CLANG_WARN_EMPTY_BODY = YES;
				CLANG_WARN_ENUM_CONVERSION = YES;
				CLANG_WARN_INFINITE_RECURSION = YES;
				CLANG_WARN_INT_CONVERSION = YES;
				CLANG_WARN_NON_LITERAL_NULL_CONVERSION = YES;
				CLANG_WARN_OBJC_IMPLICIT_RETAIN_SELF = YES;
				CLANG_WARN_OBJC_LITERAL_CONVERSION = YES;
				CLANG_WARN_OBJC_ROOT_CLASS = YES_ERROR;
				CLANG_WARN_QUOTED_INCLUDE_IN_FRAMEWORK_HEADER = YES;
				CLANG_WARN_RANGE_LOOP_ANALYSIS = YES;
				CLANG_WARN_STRICT_PROTOTYPES = YES;
				CLANG_WARN_SUSPICIOUS_MOVE = YES;
				CLANG_WARN_UNGUARDED_AVAILABILITY = YES_AGGRESSIVE;
				CLANG_WARN_UNREACHABLE_CODE = YES;
				CLANG_WARN__DUPLICATE_METHOD_MATCH = YES;
				COPY_PHASE_STRIP = NO;
				DEBUG_INFORMATION_FORMAT = dwarf;
				ENABLE_STRICT_OBJC_MSGSEND = YES;
				ENABLE_TESTABILITY = YES;
				GCC_C_LANGUAGE_STANDARD = gnu11;
				GCC_DYNAMIC_NO_PIC = NO;
				GCC_NO_COMMON_BLOCKS = YES;
				GCC_OPTIMIZATION_LEVEL = 0;
				GCC_PREPROCESSOR_DEFINITIONS = (
					"DEBUG=1",
					"$(inherited)",
				);
				GCC_WARN_64_TO_32_BIT_CONVERSION = YES;
				GCC_WARN_ABOUT_RETURN_TYPE = YES_ERROR;
				GCC_WARN_UNDECLARED_SELECTOR = YES;
				GCC_WARN_UNINITIALIZED_AUTOS = YES_AGGRESSIVE;
				GCC_WARN_UNUSED_FUNCTION = YES;
				GCC_WARN_UNUSED_VARIABLE = YES;
				IPHONEOS_DEPLOYMENT_TARGET = 16.4;
				MTL_ENABLE_DEBUG_INFO = INCLUDE_SOURCE;
				MTL_FAST_MATH = YES;
				ONLY_ACTIVE_ARCH = YES;
				SDKROOT = iphoneos;
				SWIFT_ACTIVE_COMPILATION_CONDITIONS = DEBUG;
				SWIFT_OPTIMIZATION_LEVEL = "-Onone";
			};
			name = Debug;
		};
		075F2EF12A14FE02005D7859 /* Release */ = {
			isa = XCBuildConfiguration;
			buildSettings = {
				ALWAYS_SEARCH_USER_PATHS = NO;
				CLANG_ANALYZER_NONNULL = YES;
				CLANG_ANALYZER_NUMBER_OBJECT_CONVERSION = YES_AGGRESSIVE;
				CLANG_CXX_LANGUAGE_STANDARD = "gnu++20";
				CLANG_ENABLE_MODULES = YES;
				CLANG_ENABLE_OBJC_ARC = YES;
				CLANG_ENABLE_OBJC_WEAK = YES;
				CLANG_WARN_BLOCK_CAPTURE_AUTORELEASING = YES;
				CLANG_WARN_BOOL_CONVERSION = YES;
				CLANG_WARN_COMMA = YES;
				CLANG_WARN_CONSTANT_CONVERSION = YES;
				CLANG_WARN_DEPRECATED_OBJC_IMPLEMENTATIONS = YES;
				CLANG_WARN_DIRECT_OBJC_ISA_USAGE = YES_ERROR;
				CLANG_WARN_DOCUMENTATION_COMMENTS = YES;
				CLANG_WARN_EMPTY_BODY = YES;
				CLANG_WARN_ENUM_CONVERSION = YES;
				CLANG_WARN_INFINITE_RECURSION = YES;
				CLANG_WARN_INT_CONVERSION = YES;
				CLANG_WARN_NON_LITERAL_NULL_CONVERSION = YES;
				CLANG_WARN_OBJC_IMPLICIT_RETAIN_SELF = YES;
				CLANG_WARN_OBJC_LITERAL_CONVERSION = YES;
				CLANG_WARN_OBJC_ROOT_CLASS = YES_ERROR;
				CLANG_WARN_QUOTED_INCLUDE_IN_FRAMEWORK_HEADER = YES;
				CLANG_WARN_RANGE_LOOP_ANALYSIS = YES;
				CLANG_WARN_STRICT_PROTOTYPES = YES;
				CLANG_WARN_SUSPICIOUS_MOVE = YES;
				CLANG_WARN_UNGUARDED_AVAILABILITY = YES_AGGRESSIVE;
				CLANG_WARN_UNREACHABLE_CODE = YES;
				CLANG_WARN__DUPLICATE_METHOD_MATCH = YES;
				COPY_PHASE_STRIP = NO;
				DEBUG_INFORMATION_FORMAT = "dwarf-with-dsym";
				ENABLE_NS_ASSERTIONS = NO;
				ENABLE_STRICT_OBJC_MSGSEND = YES;
				GCC_C_LANGUAGE_STANDARD = gnu11;
				GCC_NO_COMMON_BLOCKS = YES;
				GCC_WARN_64_TO_32_BIT_CONVERSION = YES;
				GCC_WARN_ABOUT_RETURN_TYPE = YES_ERROR;
				GCC_WARN_UNDECLARED_SELECTOR = YES;
				GCC_WARN_UNINITIALIZED_AUTOS = YES_AGGRESSIVE;
				GCC_WARN_UNUSED_FUNCTION = YES;
				GCC_WARN_UNUSED_VARIABLE = YES;
				IPHONEOS_DEPLOYMENT_TARGET = 16.4;
				MTL_ENABLE_DEBUG_INFO = NO;
				MTL_FAST_MATH = YES;
				SDKROOT = iphoneos;
				SWIFT_COMPILATION_MODE = wholemodule;
				SWIFT_OPTIMIZATION_LEVEL = "-O";
				VALIDATE_PRODUCT = YES;
			};
			name = Release;
		};
		075F2EF32A14FE02005D7859 /* Debug */ = {
			isa = XCBuildConfiguration;
			buildSettings = {
				ASSETCATALOG_COMPILER_APPICON_NAME = AppIcon;
				ASSETCATALOG_COMPILER_GLOBAL_ACCENT_COLOR_NAME = AccentColor;
				CODE_SIGN_STYLE = Automatic;
				CURRENT_PROJECT_VERSION = 1;
				DEVELOPMENT_ASSET_PATHS = "\"Hydratation/Preview Content\"";
				DEVELOPMENT_TEAM = S8HK779GG6;
				ENABLE_PREVIEWS = YES;
				GENERATE_INFOPLIST_FILE = YES;
				INFOPLIST_KEY_UIApplicationSceneManifest_Generation = YES;
				INFOPLIST_KEY_UIApplicationSupportsIndirectInputEvents = YES;
				INFOPLIST_KEY_UILaunchScreen_Generation = YES;
				INFOPLIST_KEY_UISupportedInterfaceOrientations_iPad = "UIInterfaceOrientationPortrait UIInterfaceOrientationPortraitUpsideDown UIInterfaceOrientationLandscapeLeft UIInterfaceOrientationLandscapeRight";
				INFOPLIST_KEY_UISupportedInterfaceOrientations_iPhone = "UIInterfaceOrientationPortrait UIInterfaceOrientationLandscapeLeft UIInterfaceOrientationLandscapeRight";
				LD_RUNPATH_SEARCH_PATHS = (
					"$(inherited)",
					"@executable_path/Frameworks",
				);
				MARKETING_VERSION = 1.0;
				PRODUCT_BUNDLE_IDENTIFIER = cours.Hydratation;
				PRODUCT_NAME = "$(TARGET_NAME)";
				SWIFT_EMIT_LOC_STRINGS = YES;
				SWIFT_VERSION = 5.0;
				TARGETED_DEVICE_FAMILY = "1,2";
			};
			name = Debug;
		};
		075F2EF42A14FE02005D7859 /* Release */ = {
			isa = XCBuildConfiguration;
			buildSettings = {
				ASSETCATALOG_COMPILER_APPICON_NAME = AppIcon;
				ASSETCATALOG_COMPILER_GLOBAL_ACCENT_COLOR_NAME = AccentColor;
				CODE_SIGN_STYLE = Automatic;
				CURRENT_PROJECT_VERSION = 1;
				DEVELOPMENT_ASSET_PATHS = "\"Hydratation/Preview Content\"";
				DEVELOPMENT_TEAM = S8HK779GG6;
				ENABLE_PREVIEWS = YES;
				GENERATE_INFOPLIST_FILE = YES;
				INFOPLIST_KEY_UIApplicationSceneManifest_Generation = YES;
				INFOPLIST_KEY_UIApplicationSupportsIndirectInputEvents = YES;
				INFOPLIST_KEY_UILaunchScreen_Generation = YES;
				INFOPLIST_KEY_UISupportedInterfaceOrientations_iPad = "UIInterfaceOrientationPortrait UIInterfaceOrientationPortraitUpsideDown UIInterfaceOrientationLandscapeLeft UIInterfaceOrientationLandscapeRight";
				INFOPLIST_KEY_UISupportedInterfaceOrientations_iPhone = "UIInterfaceOrientationPortrait UIInterfaceOrientationLandscapeLeft UIInterfaceOrientationLandscapeRight";
				LD_RUNPATH_SEARCH_PATHS = (
					"$(inherited)",
					"@executable_path/Frameworks",
				);
				MARKETING_VERSION = 1.0;
				PRODUCT_BUNDLE_IDENTIFIER = cours.Hydratation;
				PRODUCT_NAME = "$(TARGET_NAME)";
				SWIFT_EMIT_LOC_STRINGS = YES;
				SWIFT_VERSION = 5.0;
				TARGETED_DEVICE_FAMILY = "1,2";
			};
			name = Release;
		};
/* End XCBuildConfiguration section */

/* Begin XCConfigurationList section */
		075F2EDF2A14FE01005D7859 /* Build configuration list for PBXProject "Hydratation" */ = {
			isa = XCConfigurationList;
			buildConfigurations = (
				075F2EF02A14FE02005D7859 /* Debug */,
				075F2EF12A14FE02005D7859 /* Release */,
			);
			defaultConfigurationIsVisible = 0;
			defaultConfigurationName = Release;
		};
		075F2EF22A14FE02005D7859 /* Build configuration list for PBXNativeTarget "Hydratation" */ = {
			isa = XCConfigurationList;
			buildConfigurations = (
				075F2EF32A14FE02005D7859 /* Debug */,
				075F2EF42A14FE02005D7859 /* Release */,
			);
			defaultConfigurationIsVisible = 0;
			defaultConfigurationName = Release;
		};
/* End XCConfigurationList section */
	};
	rootObject = 075F2EDC2A14FE01005D7859 /* Project object */;
}
